
Microsoft Visual Studio Solution File, Format Version 12.00
# Visual Studio Version 16
VisualStudioVersion = 16.0.31729.503
MinimumVisualStudioVersion = 10.0.40219.1
Project("{9A19103F-16F7-4668-BE54-9A1E7A4F7556}") = "PlatformService", "PlatformService\PlatformService.csproj", "{FE7A540D-0F42-44F9-988A-97BA2CB26861}"
EndProject
Project("{9A19103F-16F7-4668-BE54-9A1E7A4F7556}") = "CommandService", "CommandService\CommandService.csproj", "{0270841C-105C-458C-85F3-7F35E921517D}"
EndProject
Global
	GlobalSection(SolutionConfigurationPlatforms) = preSolution
		Debug|Any CPU = Debug|Any CPU
		Release|Any CPU = Release|Any CPU
	EndGlobalSection
	GlobalSection(ProjectConfigurationPlatforms) = postSolution
		{FE7A540D-0F42-44F9-988A-97BA2CB26861}.Debug|Any CPU.ActiveCfg = Debug|Any CPU
		{FE7A540D-0F42-44F9-988A-97BA2CB26861}.Debug|Any CPU.Build.0 = Debug|Any CPU
		{FE7A540D-0F42-44F9-988A-97BA2CB26861}.Release|Any CPU.ActiveCfg = Release|Any CPU
		{FE7A540D-0F42-44F9-988A-97BA2CB26861}.Release|Any CPU.Build.0 = Release|Any CPU
		{0270841C-105C-458C-85F3-7F35E921517D}.Debug|Any CPU.ActiveCfg = Debug|Any CPU
		{0270841C-105C-458C-85F3-7F35E921517D}.Debug|Any CPU.Build.0 = Debug|Any CPU
		{0270841C-105C-458C-85F3-7F35E921517D}.Release|Any CPU.ActiveCfg = Release|Any CPU
		{0270841C-105C-458C-85F3-7F35E921517D}.Release|Any CPU.Build.0 = Release|Any CPU
	EndGlobalSection
	GlobalSection(SolutionProperties) = preSolution
		HideSolutionNode = FALSE
	EndGlobalSection
	GlobalSection(ExtensibilityGlobals) = postSolution
		SolutionGuid = {F6851CD6-6229-4F33-9009-908D7295A31D}
	EndGlobalSection
EndGlobal
